
Microsoft Visual Studio Solution File, Format Version 12.00
# Visual Studio Version 17
VisualStudioVersion = 17.7.34202.233
MinimumVisualStudioVersion = 10.0.40219.1
Project("{9A19103F-16F7-4668-BE54-9A1E7A4F7556}") = "SpecFlowProj", "SpecFlowProj\SpecFlowProj.csproj", "{7103D8F9-68BE-4391-BD2B-692BA8B5115A}"
EndProject
Project("{FAE04EC0-301F-11D3-BF4B-00C04F79EFBC}") = "LinkedInTests", "LinkedInTests\LinkedInTests.csproj", "{CA88DA9A-49CE-4DDF-A12A-99437D9A7DD0}"
EndProject
Global
	GlobalSection(SolutionConfigurationPlatforms) = preSolution
		Debug|Any CPU = Debug|Any CPU
		Release|Any CPU = Release|Any CPU
	EndGlobalSection
	GlobalSection(ProjectConfigurationPlatforms) = postSolution
		{7103D8F9-68BE-4391-BD2B-692BA8B5115A}.Debug|Any CPU.ActiveCfg = Debug|Any CPU
		{7103D8F9-68BE-4391-BD2B-692BA8B5115A}.Debug|Any CPU.Build.0 = Debug|Any CPU
		{7103D8F9-68BE-4391-BD2B-692BA8B5115A}.Release|Any CPU.ActiveCfg = Release|Any CPU
		{7103D8F9-68BE-4391-BD2B-692BA8B5115A}.Release|Any CPU.Build.0 = Release|Any CPU
		{CA88DA9A-49CE-4DDF-A12A-99437D9A7DD0}.Debug|Any CPU.ActiveCfg = Debug|Any CPU
		{CA88DA9A-49CE-4DDF-A12A-99437D9A7DD0}.Debug|Any CPU.Build.0 = Debug|Any CPU
		{CA88DA9A-49CE-4DDF-A12A-99437D9A7DD0}.Release|Any CPU.ActiveCfg = Release|Any CPU
		{CA88DA9A-49CE-4DDF-A12A-99437D9A7DD0}.Release|Any CPU.Build.0 = Release|Any CPU
	EndGlobalSection
	GlobalSection(SolutionProperties) = preSolution
		HideSolutionNode = FALSE
	EndGlobalSection
	GlobalSection(ExtensibilityGlobals) = postSolution
		SolutionGuid = {97A79D02-C367-43A6-86C6-2E3C7D011C4D}
	EndGlobalSection
EndGlobal
